// !$*UTF8*$!
{
	archiveVersion = 1;
	classes = {
	};
	objectVersion = 56;
	objects = {

/* ---- Build configuration - target ---- */
		1A000001 /* Debug */ = {
			isa = XCBuildConfiguration;
			buildSettings = {
				ALWAYS_SEARCH_USER_PATHS = NO;
				ASSETCATALOG_COMPILER_APPICON_NAME = AppIcon;
				ASSETCATALOG_COMPILER_GLOBAL_ACCENT_COLOR_NAME = AccentColor;
				ASSETCATALOG_COMPILER_APPICON_NAME = AppIcon;
				ASSETCATALOG_COMPILER_GLOBAL_ACCENT_COLOR_NAME = AccentColor;
				CODE_SIGN_STYLE = Automatic;
				CURRENT_PROJECT_VERSION = 1;
				DEVELOPMENT_TEAM = "";
				ENABLE_PREVIEWS = YES;
				GENERATE_INFOPLIST_FILE = NO;
				INFOPLIST_FILE = "App/Info.plist";
				IPHONEOS_DEPLOYMENT_TARGET = 16.0;
				MARKETING_VERSION = "1.0.0";
				PRODUCT_BUNDLE_IDENTIFIER = "com.swingmusic.ios";
				PRODUCT_NAME = "$(TARGET_NAME)";
				SDKROOT = iphoneos;
				SWIFT_VERSION = 5.0;
				TARGETED_DEVICE_FAMILY = "1,2";
			};
			name = Debug;
		};
		1A000002 /* Release */ = {
			isa = XCBuildConfiguration;
			buildSettings = {
				ALWAYS_SEARCH_USER_PATHS = NO;
				ASSETCATALOG_COMPILER_APPICON_NAME = AppIcon;
				ASSETCATALOG_COMPILER_GLOBAL_ACCENT_COLOR_NAME = AccentColor;
				ASSETCATALOG_COMPILER_APPICON_NAME = AppIcon;
				ASSETCATALOG_COMPILER_GLOBAL_ACCENT_COLOR_NAME = AccentColor;
				CODE_SIGN_STYLE = Automatic;
				CURRENT_PROJECT_VERSION = 1;
				DEVELOPMENT_TEAM = "";
				ENABLE_PREVIEWS = YES;
				GENERATE_INFOPLIST_FILE = NO;
				INFOPLIST_FILE = "App/Info.plist";
				IPHONEOS_DEPLOYMENT_TARGET = 16.0;
				MARKETING_VERSION = "1.0.0";
				PRODUCT_BUNDLE_IDENTIFIER = "com.swingmusic.ios";
				PRODUCT_NAME = "$(TARGET_NAME)";
				SDKROOT = iphoneos;
				SWIFT_VERSION = 5.0;
				TARGETED_DEVICE_FAMILY = "1,2";
				VALIDATE_PRODUCT = YES;
			};
			name = Release;
		};

/* ---- Build configuration - project ---- */
		1A000003 /* Debug */ = {
			isa = XCBuildConfiguration;
			buildSettings = {
				ALWAYS_SEARCH_USER_PATHS = NO;
				CLANG_ENABLE_MODULES = YES;
				CLANG_ENABLE_OBJC_ARC = YES;
				COPY_PHASE_STRIP = NO;
				DEBUG_INFORMATION_FORMAT = dwarf;
				ENABLE_TESTABILITY = YES;
				GCC_OPTIMIZATION_LEVEL = 0;
				GCC_PREPROCESSOR_DEFINITIONS = ("DEBUG=1","$(inherited)",);
				IPHONEOS_DEPLOYMENT_TARGET = 16.0;
				ONLY_ACTIVE_ARCH = YES;
				SDKROOT = iphoneos;
				SWIFT_ACTIVE_COMPILATION_CONDITIONS = DEBUG;
				SWIFT_OPTIMIZATION_LEVEL = "-Onone";
			};
			name = Debug;
		};
		1A000004 /* Release */ = {
			isa = XCBuildConfiguration;
			buildSettings = {
				ALWAYS_SEARCH_USER_PATHS = NO;
				CLANG_ENABLE_MODULES = YES;
				CLANG_ENABLE_OBJC_ARC = YES;
				COPY_PHASE_STRIP = NO;
				DEBUG_INFORMATION_FORMAT = "dwarf-with-dsym";
				ENABLE_NS_ASSERTIONS = NO;
				IPHONEOS_DEPLOYMENT_TARGET = 16.0;
				SDKROOT = iphoneos;
				SWIFT_COMPILATION_MODE = wholemodule;
				SWIFT_OPTIMIZATION_LEVEL = "-O";
				VALIDATE_PRODUCT = YES;
			};
			name = Release;
		};

/* ---- Config lists ---- */
		1A000010 /* Build configuration list - project */ = {
			isa = XCConfigurationList;
			buildConfigurations = (1A000003 /* Debug */, 1A000004 /* Release */,);
			defaultConfigurationIsVisible = 0;
			defaultConfigurationName = Release;
		};
		1A000011 /* Build configuration list - target */ = {
			isa = XCConfigurationList;
			buildConfigurations = (1A000001 /* Debug */, 1A000002 /* Release */,);
			defaultConfigurationIsVisible = 0;
			defaultConfigurationName = Release;
		};

/* ---- File references ---- */
		1A000020 /* SwingMusicApp.swift */  = {isa = PBXFileReference; lastKnownFileType = sourcecode.swift; path = SwingMusicApp.swift;  sourceTree = "<group>"; };
		1A000021 /* Models.swift */         = {isa = PBXFileReference; lastKnownFileType = sourcecode.swift; path = Models.swift;         sourceTree = "<group>"; };
		1A000022 /* SwingAPIClient.swift */ = {isa = PBXFileReference; lastKnownFileType = sourcecode.swift; path = SwingAPIClient.swift; sourceTree = "<group>"; };
		1A000023 /* AuthState.swift */      = {isa = PBXFileReference; lastKnownFileType = sourcecode.swift; path = AuthState.swift;      sourceTree = "<group>"; };
		1A000024 /* PlayerState.swift */    = {isa = PBXFileReference; lastKnownFileType = sourcecode.swift; path = PlayerState.swift;    sourceTree = "<group>"; };
		1A000025 /* PlayerViews.swift */    = {isa = PBXFileReference; lastKnownFileType = sourcecode.swift; path = PlayerViews.swift;    sourceTree = "<group>"; };
		1A000026 /* Theme.swift */          = {isa = PBXFileReference; lastKnownFileType = sourcecode.swift; path = Theme.swift;          sourceTree = "<group>"; };
		1A000027 /* Components.swift */     = {isa = PBXFileReference; lastKnownFileType = sourcecode.swift; path = Components.swift;     sourceTree = "<group>"; };
		1A000028 /* ATSWarning.swift */     = {isa = PBXFileReference; lastKnownFileType = sourcecode.swift; path = ATSWarning.swift;     sourceTree = "<group>"; };
		1A000029 /* Info.plist */           = {isa = PBXFileReference; lastKnownFileType = text.plist.xml;   path = Info.plist;           sourceTree = "<group>"; };
		1A000031 /* Assets.xcassets */     = {isa = PBXFileReference; lastKnownFileType = folder.assetcatalog; path = Assets.xcassets;      sourceTree = "<group>"; };
		1A000030 /* SwingMusicApp.app */    = {isa = PBXFileReference; explicitFileType = wrapper.application; includeInIndex = 0; path = SwingMusicApp.app; sourceTree = BUILT_PRODUCTS_DIR; };
		1A000031 /* Assets.xcassets */      = {isa = PBXFileReference; lastKnownFileType = folder.assetcatalog; path = Assets.xcassets; sourceTree = "<group>"; };

/* ---- Groups ---- */
		1A000040 /* Products */ = {
			isa = PBXGroup;
			children = (1A000030 /* SwingMusicApp.app */,);
			name = Products;
			sourceTree = "<group>";
		};
		1A000041 /* App */ = {
			isa = PBXGroup;
			children = (
				1A000020 /* SwingMusicApp.swift */,
				1A000029 /* Info.plist */,
				1A000031 /* Assets.xcassets */,
			);
			path = App;
			sourceTree = "<group>";
		};
		1A000042 /* Core */ = {
			isa = PBXGroup;
			children = (1A000021 /* Models.swift */,);
			path = Core;
			sourceTree = "<group>";
		};
		1A000043 /* Network */ = {
			isa = PBXGroup;
			children = (1A000022 /* SwingAPIClient.swift */,);
			path = Network;
			sourceTree = "<group>";
		};
		1A000044 /* Auth */ = {
			isa = PBXGroup;
			children = (1A000023 /* AuthState.swift */,);
			path = Auth;
			sourceTree = "<group>";
		};
		1A000045 /* Player */ = {
			isa = PBXGroup;
			children = (1A000024 /* PlayerState.swift */, 1A000025 /* PlayerViews.swift */,);
			path = Player;
			sourceTree = "<group>";
		};
		1A000046 /* Features */ = {
			isa = PBXGroup;
			children = (1A000045 /* Player */,);
			path = Features;
			sourceTree = "<group>";
		};
		1A000047 /* Theme */ = {
			isa = PBXGroup;
			children = (1A000026 /* Theme.swift */,);
			path = Theme;
			sourceTree = "<group>";
		};
		1A000048 /* Components */ = {
			isa = PBXGroup;
			children = (1A000027 /* Components.swift */, 1A000028 /* ATSWarning.swift */,);
			path = Components;
			sourceTree = "<group>";
		};
		1A000049 /* UIComponents */ = {
			isa = PBXGroup;
			children = (1A000047 /* Theme */, 1A000048 /* Components */,);
			path = UIComponents;
			sourceTree = "<group>";
		};
		1A000050 /* SwingMusicBeta */ = {
			isa = PBXGroup;
			children = (
				1A000041 /* App */,
				1A000042 /* Core */,
				1A000043 /* Network */,
				1A000044 /* Auth */,
				1A000046 /* Features */,
				1A000049 /* UIComponents */,
				1A000040 /* Products */,
			);
			sourceTree = "<group>";
		};

/* ---- Build file refs ---- */
		1A000069 /* Assets.xcassets in Resources */    = {isa = PBXBuildFile; fileRef = 1A000031; };
		1A000070 /* SwingMusicApp.swift in Sources */  = {isa = PBXBuildFile; fileRef = 1A000020; };
		1A000071 /* Models.swift in Sources */         = {isa = PBXBuildFile; fileRef = 1A000021; };
		1A000072 /* SwingAPIClient.swift in Sources */ = {isa = PBXBuildFile; fileRef = 1A000022; };
		1A000073 /* AuthState.swift in Sources */      = {isa = PBXBuildFile; fileRef = 1A000023; };
		1A000074 /* PlayerState.swift in Sources */    = {isa = PBXBuildFile; fileRef = 1A000024; };
		1A000075 /* PlayerViews.swift in Sources */    = {isa = PBXBuildFile; fileRef = 1A000025; };
		1A000076 /* Theme.swift in Sources */          = {isa = PBXBuildFile; fileRef = 1A000026; };
		1A000077 /* Components.swift in Sources */     = {isa = PBXBuildFile; fileRef = 1A000027; };
		1A000078 /* ATSWarning.swift in Sources */     = {isa = PBXBuildFile; fileRef = 1A000028; };
		1A000079 /* Assets.xcassets in Resources */    = {isa = PBXBuildFile; fileRef = 1A000031; };

/* ---- Build phases ---- */
		1A000060 /* Sources */ = {
			isa = PBXSourcesBuildPhase;
			buildActionMask = 2147483647;
			files = (
				1A000070 /* SwingMusicApp.swift in Sources */,
				1A000071 /* Models.swift in Sources */,
				1A000072 /* SwingAPIClient.swift in Sources */,
				1A000073 /* AuthState.swift in Sources */,
				1A000074 /* PlayerState.swift in Sources */,
				1A000075 /* PlayerViews.swift in Sources */,
				1A000076 /* Theme.swift in Sources */,
				1A000077 /* Components.swift in Sources */,
				1A000078 /* ATSWarning.swift in Sources */,
			);
			runOnlyForDeploymentPostprocessing = 0;
		};
		1A000061 /* Resources */ = {
			isa = PBXResourcesBuildPhase;
			buildActionMask = 2147483647;
			files = (
				1A000079 /* Assets.xcassets in Resources */,
			);
			runOnlyForDeploymentPostprocessing = 0;
		};
		1A000062 /* Frameworks */ = {
			isa = PBXFrameworksBuildPhase;
			buildActionMask = 2147483647;
			files = ();
			runOnlyForDeploymentPostprocessing = 0;
		};

/* ---- Package dependency ---- */
		1A000090 /* Kingfisher */ = {
			isa = XCSwiftPackageProductDependency;
			package = 1A000091 /* XCRemoteSwiftPackageReference "Kingfisher" */;
			productName = Kingfisher;
		};
		1A000091 /* XCRemoteSwiftPackageReference "Kingfisher" */ = {
			isa = XCRemoteSwiftPackageReference;
			repositoryURL = "https://github.com/onevcat/Kingfisher.git";
			requirement = {
				kind = upToNextMajorVersion;
				minimumVersion = 7.0.0;
			};
		};

/* ---- Native target ---- */
		1A000080 /* SwingMusicApp */ = {
			isa = PBXNativeTarget;
			buildConfigurationList = 1A000011;
			buildPhases = (
				1A000060 /* Sources */,
				1A000061 /* Resources */,
				1A000062 /* Frameworks */,
			);
			buildRules = ();
			dependencies = ();
			name = SwingMusicApp;
			packageProductDependencies = (1A000090 /* Kingfisher */,);
			productName = SwingMusicApp;
			productReference = 1A000030 /* SwingMusicApp.app */;
			productType = "com.apple.product-type.application";
		};

/* ---- Project ---- */
		1A000100 /* Project */ = {
			isa = PBXProject;
			attributes = {
				BuildIndependentTargetsInParallel = 1;
				LastSwiftUpdateCheck = 1540;
				LastUpgradeCheck = 1540;
				TargetAttributes = {
					1A000080 = {CreatedOnToolsVersion = 15.4;};
				};
			};
			buildConfigurationList = 1A000010;
			compatibilityVersion = "Xcode 14.0";
			developmentRegion = en;
			hasScannedForEncodings = 0;
			knownRegions = (en, Base,);
			mainGroup = 1A000050;
			packageReferences = (1A000091 /* XCRemoteSwiftPackageReference "Kingfisher" */,);
			productRefGroup = 1A000040 /* Products */,
			projectDirPath = "";
			projectRoot = "";
			targets = (1A000080 /* SwingMusicApp */,);
		};

	};
	rootObject = 1A000100 /* Project */;
}
